
Microsoft Visual Studio Solution File, Format Version 12.00
# Visual Studio Version 17
VisualStudioVersion = 17.0.32112.339
MinimumVisualStudioVersion = 10.0.40219.1
Project("{FAE04EC0-301F-11D3-BF4B-00C04F79EFBC}") = "ViewIn4ELP", "ViewIn4ELP.csproj", "{BB3EEE0B-B94A-4C75-8610-B785DCE96850}"
EndProject
Global
	GlobalSection(SolutionConfigurationPlatforms) = preSolution
		Debug|Any CPU = Debug|Any CPU
		Release|Any CPU = Release|Any CPU
	EndGlobalSection
	GlobalSection(ProjectConfigurationPlatforms) = postSolution
		{BB3EEE0B-B94A-4C75-8610-B785DCE96850}.Debug|Any CPU.ActiveCfg = Debug|Any CPU
		{BB3EEE0B-B94A-4C75-8610-B785DCE96850}.Debug|Any CPU.Build.0 = Debug|Any CPU
		{BB3EEE0B-B94A-4C75-8610-B785DCE96850}.Release|Any CPU.ActiveCfg = Release|Any CPU
		{BB3EEE0B-B94A-4C75-8610-B785DCE96850}.Release|Any CPU.Build.0 = Release|Any CPU
	EndGlobalSection
	GlobalSection(SolutionProperties) = preSolution
		HideSolutionNode = FALSE
	EndGlobalSection
	GlobalSection(ExtensibilityGlobals) = postSolution
		SolutionGuid = {89A7D0D8-D68E-4D25-AB1B-BEA41BC93AC3}
	EndGlobalSection
EndGlobal
